// !$*UTF8*$!
{
	archiveVersion = 1;
	classes = {
	};
	objectVersion = 46;
	objects = {

/* Begin PBXBuildFile section */
		28FE51141B8507B20099B371 /* AppDelegate.swift in Sources */ = {isa = PBXBuildFile; fileRef = 28FE51131B8507B20099B371 /* AppDelegate.swift */; };
		28FE51161B8507B20099B371 /* ViewController.swift in Sources */ = {isa = PBXBuildFile; fileRef = 28FE51151B8507B20099B371 /* ViewController.swift */; };
		28FE51191B8507B20099B371 /* Main.storyboard in Resources */ = {isa = PBXBuildFile; fileRef = 28FE51171B8507B20099B371 /* Main.storyboard */; };
		28FE511B1B8507B20099B371 /* Images.xcassets in Resources */ = {isa = PBXBuildFile; fileRef = 28FE511A1B8507B20099B371 /* Images.xcassets */; };
		28FE511E1B8507B20099B371 /* LaunchScreen.xib in Resources */ = {isa = PBXBuildFile; fileRef = 28FE511C1B8507B20099B371 /* LaunchScreen.xib */; };
		28FE512A1B8507B20099B371 /* ListrTests.swift in Sources */ = {isa = PBXBuildFile; fileRef = 28FE51291B8507B20099B371 /* ListrTests.swift */; };
/* End PBXBuildFile section */

/* Begin PBXContainerItemProxy section */
		28FE51241B8507B20099B371 /* PBXContainerItemProxy */ = {
			isa = PBXContainerItemProxy;
			containerPortal = 28FE51061B8507B20099B371 /* Project object */;
			proxyType = 1;
			remoteGlobalIDString = 28FE510D1B8507B20099B371;
			remoteInfo = Listr;
		};
/* End PBXContainerItemProxy section */

/* Begin PBXFileReference section */
		28FE510E1B8507B20099B371 /* Listr.app */ = {isa = PBXFileReference; explicitFileType = wrapper.application; includeInIndex = 0; path = Listr.app; sourceTree = BUILT_PRODUCTS_DIR; };
		28FE51121B8507B20099B371 /* Info.plist */ = {isa = PBXFileReference; lastKnownFileType = text.plist.xml; path = Info.plist; sourceTree = "<group>"; };
		28FE51131B8507B20099B371 /* AppDelegate.swift */ = {isa = PBXFileReference; lastKnownFileType = sourcecode.swift; path = AppDelegate.swift; sourceTree = "<group>"; };
		28FE51151B8507B20099B371 /* ViewController.swift */ = {isa = PBXFileReference; lastKnownFileType = sourcecode.swift; path = ViewController.swift; sourceTree = "<group>"; };
		28FE51181B8507B20099B371 /* Base */ = {isa = PBXFileReference; lastKnownFileType = file.storyboard; name = Base; path = Base.lproj/Main.storyboard; sourceTree = "<group>"; };
		28FE511A1B8507B20099B371 /* Images.xcassets */ = {isa = PBXFileReference; lastKnownFileType = folder.assetcatalog; path = Images.xcassets; sourceTree = "<group>"; };
		28FE511D1B8507B20099B371 /* Base */ = {isa = PBXFileReference; lastKnownFileType = file.xib; name = Base; path = Base.lproj/LaunchScreen.xib; sourceTree = "<group>"; };
		28FE51231B8507B20099B371 /* ListrTests.xctest */ = {isa = PBXFileReference; explicitFileType = wrapper.cfbundle; includeInIndex = 0; path = ListrTests.xctest; sourceTree = BUILT_PRODUCTS_DIR; };
		28FE51281B8507B20099B371 /* Info.plist */ = {isa = PBXFileReference; lastKnownFileType = text.plist.xml; path = Info.plist; sourceTree = "<group>"; };
		28FE51291B8507B20099B371 /* ListrTests.swift */ = {isa = PBXFileReference; lastKnownFileType = sourcecode.swift; path = ListrTests.swift; sourceTree = "<group>"; };
/* End PBXFileReference section */

/* Begin PBXFrameworksBuildPhase section */
		28FE510B1B8507B20099B371 /* Frameworks */ = {
			isa = PBXFrameworksBuildPhase;
			buildActionMask = 2147483647;
			files = (
			);
			runOnlyForDeploymentPostprocessing = 0;
		};
		28FE51201B8507B20099B371 /* Frameworks */ = {
			isa = PBXFrameworksBuildPhase;
			buildActionMask = 2147483647;
			files = (
			);
			runOnlyForDeploymentPostprocessing = 0;
		};
/* End PBXFrameworksBuildPhase section */

/* Begin PBXGroup section */
		28FE51051B8507B20099B371 = {
			isa = PBXGroup;
			children = (
				28FE51101B8507B20099B371 /* Listr */,
				28FE51261B8507B20099B371 /* ListrTests */,
				28FE510F1B8507B20099B371 /* Products */,
			);
			sourceTree = "<group>";
		};
		28FE510F1B8507B20099B371 /* Products */ = {
			isa = PBXGroup;
			children = (
				28FE510E1B8507B20099B371 /* Listr.app */,
				28FE51231B8507B20099B371 /* ListrTests.xctest */,
			);
			name = Products;
			sourceTree = "<group>";
		};
		28FE51101B8507B20099B371 /* Listr */ = {
			isa = PBXGroup;
			children = (
				28FE51131B8507B20099B371 /* AppDelegate.swift */,
				28FE51151B8507B20099B371 /* ViewController.swift */,
				28FE51171B8507B20099B371 /* Main.storyboard */,
				28FE511A1B8507B20099B371 /* Images.xcassets */,
				28FE511C1B8507B20099B371 /* LaunchScreen.xib */,
				28FE51111B8507B20099B371 /* Supporting Files */,
			);
			path = Listr;
			sourceTree = "<group>";
		};
		28FE51111B8507B20099B371 /* Supporting Files */ = {
			isa = PBXGroup;
			children = (
				28FE51121B8507B20099B371 /* Info.plist */,
			);
			name = "Supporting Files";
			sourceTree = "<group>";
		};
		28FE51261B8507B20099B371 /* ListrTests */ = {
			isa = PBXGroup;
			children = (
				28FE51291B8507B20099B371 /* ListrTests.swift */,
				28FE51271B8507B20099B371 /* Supporting Files */,
			);
			path = ListrTests;
			sourceTree = "<group>";
		};
		28FE51271B8507B20099B371 /* Supporting Files */ = {
			isa = PBXGroup;
			children = (
				28FE51281B8507B20099B371 /* Info.plist */,
			);
			name = "Supporting Files";
			sourceTree = "<group>";
		};
/* End PBXGroup section */

/* Begin PBXNativeTarget section */
		28FE510D1B8507B20099B371 /* Listr */ = {
			isa = PBXNativeTarget;
			buildConfigurationList = 28FE512D1B8507B20099B371 /* Build configuration list for PBXNativeTarget "Listr" */;
			buildPhases = (
				28FE510A1B8507B20099B371 /* Sources */,
				28FE510B1B8507B20099B371 /* Frameworks */,
				28FE510C1B8507B20099B371 /* Resources */,
			);
			buildRules = (
			);
			dependencies = (
			);
			name = Listr;
			productName = Listr;
			productReference = 28FE510E1B8507B20099B371 /* Listr.app */;
			productType = "com.apple.product-type.application";
		};
		28FE51221B8507B20099B371 /* ListrTests */ = {
			isa = PBXNativeTarget;
			buildConfigurationList = 28FE51301B8507B20099B371 /* Build configuration list for PBXNativeTarget "ListrTests" */;
			buildPhases = (
				28FE511F1B8507B20099B371 /* Sources */,
				28FE51201B8507B20099B371 /* Frameworks */,
				28FE51211B8507B20099B371 /* Resources */,
			);
			buildRules = (
			);
			dependencies = (
				28FE51251B8507B20099B371 /* PBXTargetDependency */,
			);
			name = ListrTests;
			productName = ListrTests;
			productReference = 28FE51231B8507B20099B371 /* ListrTests.xctest */;
			productType = "com.apple.product-type.bundle.unit-test";
		};
/* End PBXNativeTarget section */

/* Begin PBXProject section */
		28FE51061B8507B20099B371 /* Project object */ = {
			isa = PBXProject;
			attributes = {
				LastUpgradeCheck = 0630;
				ORGANIZATIONNAME = "Catherine Reyto";
				TargetAttributes = {
					28FE510D1B8507B20099B371 = {
						CreatedOnToolsVersion = 6.3.2;
					};
					28FE51221B8507B20099B371 = {
						CreatedOnToolsVersion = 6.3.2;
						TestTargetID = 28FE510D1B8507B20099B371;
					};
				};
			};
			buildConfigurationList = 28FE51091B8507B20099B371 /* Build configuration list for PBXProject "Listr" */;
			compatibilityVersion = "Xcode 3.2";
			developmentRegion = English;
			hasScannedForEncodings = 0;
			knownRegions = (
				en,
				Base,
			);
			mainGroup = 28FE51051B8507B20099B371;
			productRefGroup = 28FE510F1B8507B20099B371 /* Products */;
			projectDirPath = "";
			projectRoot = "";
			targets = (
				28FE510D1B8507B20099B371 /* Listr */,
				28FE51221B8507B20099B371 /* ListrTests */,
			);
		};
/* End PBXProject section */

/* Begin PBXResourcesBuildPhase section */
		28FE510C1B8507B20099B371 /* Resources */ = {
			isa = PBXResourcesBuildPhase;
			buildActionMask = 2147483647;
			files = (
				28FE51191B8507B20099B371 /* Main.storyboard in Resources */,
				28FE511E1B8507B20099B371 /* LaunchScreen.xib in Resources */,
				28FE511B1B8507B20099B371 /* Images.xcassets in Resources */,
			);
			runOnlyForDeploymentPostprocessing = 0;
		};
		28FE51211B8507B20099B371 /* Resources */ = {
			isa = PBXResourcesBuildPhase;
			buildActionMask = 2147483647;
			files = (
			);
			runOnlyForDeploymentPostprocessing = 0;
		};
/* End PBXResourcesBuildPhase section */

/* Begin PBXSourcesBuildPhase section */
		28FE510A1B8507B20099B371 /* Sources */ = {
			isa = PBXSourcesBuildPhase;
			buildActionMask = 2147483647;
			files = (
				28FE51161B8507B20099B371 /* ViewController.swift in Sources */,
				28FE51141B8507B20099B371 /* AppDelegate.swift in Sources */,
			);
			runOnlyForDeploymentPostprocessing = 0;
		};
		28FE511F1B8507B20099B371 /* Sources */ = {
			isa = PBXSourcesBuildPhase;
			buildActionMask = 2147483647;
			files = (
				28FE512A1B8507B20099B371 /* ListrTests.swift in Sources */,
			);
			runOnlyForDeploymentPostprocessing = 0;
		};
/* End PBXSourcesBuildPhase section */

/* Begin PBXTargetDependency section */
		28FE51251B8507B20099B371 /* PBXTargetDependency */ = {
			isa = PBXTargetDependency;
			target = 28FE510D1B8507B20099B371 /* Listr */;
			targetProxy = 28FE51241B8507B20099B371 /* PBXContainerItemProxy */;
		};
/* End PBXTargetDependency section */

/* Begin PBXVariantGroup section */
		28FE51171B8507B20099B371 /* Main.storyboard */ = {
			isa = PBXVariantGroup;
			children = (
				28FE51181B8507B20099B371 /* Base */,
			);
			name = Main.storyboard;
			sourceTree = "<group>";
		};
		28FE511C1B8507B20099B371 /* LaunchScreen.xib */ = {
			isa = PBXVariantGroup;
			children = (
				28FE511D1B8507B20099B371 /* Base */,
			);
			name = LaunchScreen.xib;
			sourceTree = "<group>";
		};
/* End PBXVariantGroup section */

/* Begin XCBuildConfiguration section */
		28FE512B1B8507B20099B371 /* Debug */ = {
			isa = XCBuildConfiguration;
			buildSettings = {
				ALWAYS_SEARCH_USER_PATHS = NO;
				CLANG_CXX_LANGUAGE_STANDARD = "gnu++0x";
				CLANG_CXX_LIBRARY = "libc++";
				CLANG_ENABLE_MODULES = YES;
				CLANG_ENABLE_OBJC_ARC = YES;
				CLANG_WARN_BOOL_CONVERSION = YES;
				CLANG_WARN_CONSTANT_CONVERSION = YES;
				CLANG_WARN_DIRECT_OBJC_ISA_USAGE = YES_ERROR;
				CLANG_WARN_EMPTY_BODY = YES;
				CLANG_WARN_ENUM_CONVERSION = YES;
				CLANG_WARN_INT_CONVERSION = YES;
				CLANG_WARN_OBJC_ROOT_CLASS = YES_ERROR;
				CLANG_WARN_UNREACHABLE_CODE = YES;
				CLANG_WARN__DUPLICATE_METHOD_MATCH = YES;
				"CODE_SIGN_IDENTITY[sdk=iphoneos*]" = "iPhone Developer";
				COPY_PHASE_STRIP = NO;
				DEBUG_INFORMATION_FORMAT = "dwarf-with-dsym";
				ENABLE_STRICT_OBJC_MSGSEND = YES;
				GCC_C_LANGUAGE_STANDARD = gnu99;
				GCC_DYNAMIC_NO_PIC = NO;
				GCC_NO_COMMON_BLOCKS = YES;
				GCC_OPTIMIZATION_LEVEL = 0;
				GCC_PREPROCESSOR_DEFINITIONS = (
					"DEBUG=1",
					"$(inherited)",
				);
				GCC_SYMBOLS_PRIVATE_EXTERN = NO;
				GCC_WARN_64_TO_32_BIT_CONVERSION = YES;
				GCC_WARN_ABOUT_RETURN_TYPE = YES_ERROR;
				GCC_WARN_UNDECLARED_SELECTOR = YES;
				GCC_WARN_UNINITIALIZED_AUTOS = YES_AGGRESSIVE;
				GCC_WARN_UNUSED_FUNCTION = YES;
				GCC_WARN_UNUSED_VARIABLE = YES;
				IPHONEOS_DEPLOYMENT_TARGET = 8.3;
				MTL_ENABLE_DEBUG_INFO = YES;
				ONLY_ACTIVE_ARCH = YES;
				SDKROOT = iphoneos;
				SWIFT_OPTIMIZATION_LEVEL = "-Onone";
				TARGETED_DEVICE_FAMILY = "1,2";
			};
			name = Debug;
		};
		28FE512C1B8507B20099B371 /* Release */ = {
			isa = XCBuildConfiguration;
			buildSettings = {
				ALWAYS_SEARCH_USER_PATHS = NO;
				CLANG_CXX_LANGUAGE_STANDARD = "gnu++0x";
				CLANG_CXX_LIBRARY = "libc++";
				CLANG_ENABLE_MODULES = YES;
				CLANG_ENABLE_OBJC_ARC = YES;
				CLANG_WARN_BOOL_CONVERSION = YES;
				CLANG_WARN_CONSTANT_CONVERSION = YES;
				CLANG_WARN_DIRECT_OBJC_ISA_USAGE = YES_ERROR;
				CLANG_WARN_EMPTY_BODY = YES;
				CLANG_WARN_ENUM_CONVERSION = YES;
				CLANG_WARN_INT_CONVERSION = YES;
				CLANG_WARN_OBJC_ROOT_CLASS = YES_ERROR;
				CLANG_WARN_UNREACHABLE_CODE = YES;
				CLANG_WARN__DUPLICATE_METHOD_MATCH = YES;
				"CODE_SIGN_IDENTITY[sdk=iphoneos*]" = "iPhone Developer";
				COPY_PHASE_STRIP = NO;
				DEBUG_INFORMATION_FORMAT = "dwarf-with-dsym";
				ENABLE_NS_ASSERTIONS = NO;
				ENABLE_STRICT_OBJC_MSGSEND = YES;
				GCC_C_LANGUAGE_STANDARD = gnu99;
				GCC_NO_COMMON_BLOCKS = YES;
				GCC_WARN_64_TO_32_BIT_CONVERSION = YES;
				GCC_WARN_ABOUT_RETURN_TYPE = YES_ERROR;
				GCC_WARN_UNDECLARED_SELECTOR = YES;
				GCC_WARN_UNINITIALIZED_AUTOS = YES_AGGRESSIVE;
				GCC_WARN_UNUSED_FUNCTION = YES;
				GCC_WARN_UNUSED_VARIABLE = YES;
				IPHONEOS_DEPLOYMENT_TARGET = 8.3;
				MTL_ENABLE_DEBUG_INFO = NO;
				SDKROOT = iphoneos;
				TARGETED_DEVICE_FAMILY = "1,2";
				VALIDATE_PRODUCT = YES;
			};
			name = Release;
		};
		28FE512E1B8507B20099B371 /* Debug */ = {
			isa = XCBuildConfiguration;
			buildSettings = {
				ASSETCATALOG_COMPILER_APPICON_NAME = AppIcon;
				INFOPLIST_FILE = Listr/Info.plist;
				LD_RUNPATH_SEARCH_PATHS = "$(inherited) @executable_path/Frameworks";
				PRODUCT_NAME = "$(TARGET_NAME)";
			};
			name = Debug;
		};
		28FE512F1B8507B20099B371 /* Release */ = {
			isa = XCBuildConfiguration;
			buildSettings = {
				ASSETCATALOG_COMPILER_APPICON_NAME = AppIcon;
				INFOPLIST_FILE = Listr/Info.plist;
				LD_RUNPATH_SEARCH_PATHS = "$(inherited) @executable_path/Frameworks";
				PRODUCT_NAME = "$(TARGET_NAME)";
			};
			name = Release;
		};
		28FE51311B8507B20099B371 /* Debug */ = {
			isa = XCBuildConfiguration;
			buildSettings = {
				BUNDLE_LOADER = "$(TEST_HOST)";
				FRAMEWORK_SEARCH_PATHS = (
					"$(SDKROOT)/Developer/Library/Frameworks",
					"$(inherited)",
				);
				GCC_PREPROCESSOR_DEFINITIONS = (
					"DEBUG=1",
					"$(inherited)",
				);
				INFOPLIST_FILE = ListrTests/Info.plist;
				LD_RUNPATH_SEARCH_PATHS = "$(inherited) @executable_path/Frameworks @loader_path/Frameworks";
				PRODUCT_NAME = "$(TARGET_NAME)";
				TEST_HOST = "$(BUILT_PRODUCTS_DIR)/Listr.app/Listr";
			};
			name = Debug;
		};
		28FE51321B8507B20099B371 /* Release */ = {
			isa = XCBuildConfiguration;
			buildSettings = {
				BUNDLE_LOADER = "$(TEST_HOST)";
				FRAMEWORK_SEARCH_PATHS = (
					"$(SDKROOT)/Developer/Library/Frameworks",
					"$(inherited)",
				);
				INFOPLIST_FILE = ListrTests/Info.plist;
				LD_RUNPATH_SEARCH_PATHS = "$(inherited) @executable_path/Frameworks @loader_path/Frameworks";
				PRODUCT_NAME = "$(TARGET_NAME)";
				TEST_HOST = "$(BUILT_PRODUCTS_DIR)/Listr.app/Listr";
			};
			name = Release;
		};
/* End XCBuildConfiguration section */

/* Begin XCConfigurationList section */
		28FE51091B8507B20099B371 /* Build configuration list for PBXProject "Listr" */ = {
			isa = XCConfigurationList;
			buildConfigurations = (
				28FE512B1B8507B20099B371 /* Debug */,
				28FE512C1B8507B20099B371 /* Release */,
			);
			defaultConfigurationIsVisible = 0;
			defaultConfigurationName = Release;
		};
		28FE512D1B8507B20099B371 /* Build configuration list for PBXNativeTarget "Listr" */ = {
			isa = XCConfigurationList;
			buildConfigurations = (
				28FE512E1B8507B20099B371 /* Debug */,
				28FE512F1B8507B20099B371 /* Release */,
			);
			defaultConfigurationIsVisible = 0;
		};
		28FE51301B8507B20099B371 /* Build configuration list for PBXNativeTarget "ListrTests" */ = {
			isa = XCConfigurationList;
			buildConfigurations = (
				28FE51311B8507B20099B371 /* Debug */,
				28FE51321B8507B20099B371 /* Release */,
			);
			defaultConfigurationIsVisible = 0;
		};
/* End XCConfigurationList section */
	};
	rootObject = 28FE51061B8507B20099B371 /* Project object */;
}
